
Microsoft Visual Studio Solution File, Format Version 12.00
# Visual Studio Version 17
VisualStudioVersion = 17.2.32526.322
MinimumVisualStudioVersion = 10.0.40219.1
Project("{9A19103F-16F7-4668-BE54-9A1E7A4F7556}") = "WPFO.UI", "WPFO\WPFO.UI.csproj", "{FFA52AA9-DC5E-421A-BECD-EC5045B8C8E1}"
EndProject
Project("{2150E333-8FDC-42A3-9474-1A3956D46DE8}") = "Services", "Services", "{1F9DA5FB-C3FF-4CAC-8A46-E45DF91CA420}"
EndProject
Project("{2150E333-8FDC-42A3-9474-1A3956D46DE8}") = "Catalog", "Catalog", "{B29BC594-261D-4524-8415-37CF62850E12}"
EndProject
Project("{9A19103F-16F7-4668-BE54-9A1E7A4F7556}") = "WPFO.Catalog.Api", "WPFO.Catalog.Api\WPFO.Catalog.Api.csproj", "{B9F8E067-6AD3-41B5-8ED4-4F08A199DD36}"
EndProject
Project("{9A19103F-16F7-4668-BE54-9A1E7A4F7556}") = "WPFO.Catalog.Test", "WPFO.Catalog.Test\WPFO.Catalog.Test.csproj", "{1BE86553-90B1-4457-8D0A-DB7BFDFCECC6}"
EndProject
Project("{2150E333-8FDC-42A3-9474-1A3956D46DE8}") = "Basket", "Basket", "{C2D9692B-D750-4163-AEB3-85D4D98F0628}"
EndProject
Project("{9A19103F-16F7-4668-BE54-9A1E7A4F7556}") = "WPFO.Basket.Api", "WPFO.Basket\WPFO.Basket.Api.csproj", "{424EFF2A-D47C-4F8F-8162-7FF07D426814}"
EndProject
Project("{9A19103F-16F7-4668-BE54-9A1E7A4F7556}") = "WPFO.Basket.Test", "WPFO.Basket.Test\WPFO.Basket.Test.csproj", "{8EB04D4E-A043-4367-844C-7B495EC8A1EF}"
EndProject
Project("{2150E333-8FDC-42A3-9474-1A3956D46DE8}") = "BuildingBlocks", "BuildingBlocks", "{E9885D27-9CAB-4715-BB08-C557425C1525}"
EndProject
Project("{9A19103F-16F7-4668-BE54-9A1E7A4F7556}") = "Common.Logging", "Common.Logging\Common.Logging.csproj", "{79D2638F-1816-489E-A449-55CF933F204D}"
EndProject
Project("{9A19103F-16F7-4668-BE54-9A1E7A4F7556}") = "EventBus.Messages", "EventBus.Messages\EventBus.Messages.csproj", "{3B726C3F-4807-44BF-BC42-6A803A68D082}"
EndProject
Project("{2150E333-8FDC-42A3-9474-1A3956D46DE8}") = "Discount", "Discount", "{74E55951-ACF6-4D7E-B9D8-08A09AC37BCF}"
EndProject
Project("{9A19103F-16F7-4668-BE54-9A1E7A4F7556}") = "WPFO.Discount.Api", "WPFO.Discount.Api\WPFO.Discount.Api.csproj", "{4FADB17D-4DB0-411A-A54F-17BC176C4FE6}"
EndProject
Project("{9A19103F-16F7-4668-BE54-9A1E7A4F7556}") = "WPFO.Discount.Tests", "WPFO.Discount.Tests\WPFO.Discount.Tests.csproj", "{7E042E4F-D9BE-46AA-B6DC-026C2781E971}"
EndProject
Project("{9A19103F-16F7-4668-BE54-9A1E7A4F7556}") = "WPFO.DiscountRPC", "WPFO.DiscountRPC\WPFO.DiscountRPC.csproj", "{01D875B3-F4FC-4498-918E-5DEF64E0BE90}"
EndProject
Project("{2150E333-8FDC-42A3-9474-1A3956D46DE8}") = "Ordering", "Ordering", "{62AA6977-86B5-4B84-8FDF-AD3C187187B2}"
EndProject
Project("{FAE04EC0-301F-11D3-BF4B-00C04F79EFBC}") = "WPFO.Ordering.Domain", "WPFO.Ordering.Domain\WPFO.Ordering.Domain.csproj", "{82B3684D-017E-41AF-BFE8-0805F2972C47}"
EndProject
Project("{FAE04EC0-301F-11D3-BF4B-00C04F79EFBC}") = "WPFO.Ordering.Application", "WPFO.Ordering.Application\WPFO.Ordering.Application.csproj", "{3EDAFAA4-2562-4774-A369-D93DC0681815}"
EndProject
Project("{FAE04EC0-301F-11D3-BF4B-00C04F79EFBC}") = "WPFO.OrderIng.Infrastructure", "WPFO.OrderIng.Infrastructure\WPFO.OrderIng.Infrastructure.csproj", "{169B10FA-B8B9-4F84-8855-69BD8FE9B3FE}"
EndProject
Project("{FAE04EC0-301F-11D3-BF4B-00C04F79EFBC}") = "WPFO.Ordering.API", "WPFO.Ordering.API\WPFO.Ordering.API.csproj", "{D149CF1A-E4DC-4B4B-A981-661B0EC20778}"
EndProject
Global
	GlobalSection(SolutionConfigurationPlatforms) = preSolution
		Debug|Any CPU = Debug|Any CPU
		Release|Any CPU = Release|Any CPU
	EndGlobalSection
	GlobalSection(ProjectConfigurationPlatforms) = postSolution
		{FFA52AA9-DC5E-421A-BECD-EC5045B8C8E1}.Debug|Any CPU.ActiveCfg = Debug|Any CPU
		{FFA52AA9-DC5E-421A-BECD-EC5045B8C8E1}.Debug|Any CPU.Build.0 = Debug|Any CPU
		{FFA52AA9-DC5E-421A-BECD-EC5045B8C8E1}.Release|Any CPU.ActiveCfg = Release|Any CPU
		{FFA52AA9-DC5E-421A-BECD-EC5045B8C8E1}.Release|Any CPU.Build.0 = Release|Any CPU
		{B9F8E067-6AD3-41B5-8ED4-4F08A199DD36}.Debug|Any CPU.ActiveCfg = Debug|Any CPU
		{B9F8E067-6AD3-41B5-8ED4-4F08A199DD36}.Debug|Any CPU.Build.0 = Debug|Any CPU
		{B9F8E067-6AD3-41B5-8ED4-4F08A199DD36}.Release|Any CPU.ActiveCfg = Release|Any CPU
		{B9F8E067-6AD3-41B5-8ED4-4F08A199DD36}.Release|Any CPU.Build.0 = Release|Any CPU
		{1BE86553-90B1-4457-8D0A-DB7BFDFCECC6}.Debug|Any CPU.ActiveCfg = Debug|Any CPU
		{1BE86553-90B1-4457-8D0A-DB7BFDFCECC6}.Debug|Any CPU.Build.0 = Debug|Any CPU
		{1BE86553-90B1-4457-8D0A-DB7BFDFCECC6}.Release|Any CPU.ActiveCfg = Release|Any CPU
		{1BE86553-90B1-4457-8D0A-DB7BFDFCECC6}.Release|Any CPU.Build.0 = Release|Any CPU
		{424EFF2A-D47C-4F8F-8162-7FF07D426814}.Debug|Any CPU.ActiveCfg = Debug|Any CPU
		{424EFF2A-D47C-4F8F-8162-7FF07D426814}.Debug|Any CPU.Build.0 = Debug|Any CPU
		{424EFF2A-D47C-4F8F-8162-7FF07D426814}.Release|Any CPU.ActiveCfg = Release|Any CPU
		{424EFF2A-D47C-4F8F-8162-7FF07D426814}.Release|Any CPU.Build.0 = Release|Any CPU
		{8EB04D4E-A043-4367-844C-7B495EC8A1EF}.Debug|Any CPU.ActiveCfg = Debug|Any CPU
		{8EB04D4E-A043-4367-844C-7B495EC8A1EF}.Debug|Any CPU.Build.0 = Debug|Any CPU
		{8EB04D4E-A043-4367-844C-7B495EC8A1EF}.Release|Any CPU.ActiveCfg = Release|Any CPU
		{8EB04D4E-A043-4367-844C-7B495EC8A1EF}.Release|Any CPU.Build.0 = Release|Any CPU
		{79D2638F-1816-489E-A449-55CF933F204D}.Debug|Any CPU.ActiveCfg = Debug|Any CPU
		{79D2638F-1816-489E-A449-55CF933F204D}.Debug|Any CPU.Build.0 = Debug|Any CPU
		{79D2638F-1816-489E-A449-55CF933F204D}.Release|Any CPU.ActiveCfg = Release|Any CPU
		{79D2638F-1816-489E-A449-55CF933F204D}.Release|Any CPU.Build.0 = Release|Any CPU
		{3B726C3F-4807-44BF-BC42-6A803A68D082}.Debug|Any CPU.ActiveCfg = Debug|Any CPU
		{3B726C3F-4807-44BF-BC42-6A803A68D082}.Debug|Any CPU.Build.0 = Debug|Any CPU
		{3B726C3F-4807-44BF-BC42-6A803A68D082}.Release|Any CPU.ActiveCfg = Release|Any CPU
		{3B726C3F-4807-44BF-BC42-6A803A68D082}.Release|Any CPU.Build.0 = Release|Any CPU
		{4FADB17D-4DB0-411A-A54F-17BC176C4FE6}.Debug|Any CPU.ActiveCfg = Debug|Any CPU
		{4FADB17D-4DB0-411A-A54F-17BC176C4FE6}.Debug|Any CPU.Build.0 = Debug|Any CPU
		{4FADB17D-4DB0-411A-A54F-17BC176C4FE6}.Release|Any CPU.ActiveCfg = Release|Any CPU
		{4FADB17D-4DB0-411A-A54F-17BC176C4FE6}.Release|Any CPU.Build.0 = Release|Any CPU
		{7E042E4F-D9BE-46AA-B6DC-026C2781E971}.Debug|Any CPU.ActiveCfg = Debug|Any CPU
		{7E042E4F-D9BE-46AA-B6DC-026C2781E971}.Debug|Any CPU.Build.0 = Debug|Any CPU
		{7E042E4F-D9BE-46AA-B6DC-026C2781E971}.Release|Any CPU.ActiveCfg = Release|Any CPU
		{7E042E4F-D9BE-46AA-B6DC-026C2781E971}.Release|Any CPU.Build.0 = Release|Any CPU
		{01D875B3-F4FC-4498-918E-5DEF64E0BE90}.Debug|Any CPU.ActiveCfg = Debug|Any CPU
		{01D875B3-F4FC-4498-918E-5DEF64E0BE90}.Debug|Any CPU.Build.0 = Debug|Any CPU
		{01D875B3-F4FC-4498-918E-5DEF64E0BE90}.Release|Any CPU.ActiveCfg = Release|Any CPU
		{01D875B3-F4FC-4498-918E-5DEF64E0BE90}.Release|Any CPU.Build.0 = Release|Any CPU
		{82B3684D-017E-41AF-BFE8-0805F2972C47}.Debug|Any CPU.ActiveCfg = Debug|Any CPU
		{82B3684D-017E-41AF-BFE8-0805F2972C47}.Debug|Any CPU.Build.0 = Debug|Any CPU
		{82B3684D-017E-41AF-BFE8-0805F2972C47}.Release|Any CPU.ActiveCfg = Release|Any CPU
		{82B3684D-017E-41AF-BFE8-0805F2972C47}.Release|Any CPU.Build.0 = Release|Any CPU
		{3EDAFAA4-2562-4774-A369-D93DC0681815}.Debug|Any CPU.ActiveCfg = Debug|Any CPU
		{3EDAFAA4-2562-4774-A369-D93DC0681815}.Debug|Any CPU.Build.0 = Debug|Any CPU
		{3EDAFAA4-2562-4774-A369-D93DC0681815}.Release|Any CPU.ActiveCfg = Release|Any CPU
		{3EDAFAA4-2562-4774-A369-D93DC0681815}.Release|Any CPU.Build.0 = Release|Any CPU
		{169B10FA-B8B9-4F84-8855-69BD8FE9B3FE}.Debug|Any CPU.ActiveCfg = Debug|Any CPU
		{169B10FA-B8B9-4F84-8855-69BD8FE9B3FE}.Debug|Any CPU.Build.0 = Debug|Any CPU
		{169B10FA-B8B9-4F84-8855-69BD8FE9B3FE}.Release|Any CPU.ActiveCfg = Release|Any CPU
		{169B10FA-B8B9-4F84-8855-69BD8FE9B3FE}.Release|Any CPU.Build.0 = Release|Any CPU
		{D149CF1A-E4DC-4B4B-A981-661B0EC20778}.Debug|Any CPU.ActiveCfg = Debug|Any CPU
		{D149CF1A-E4DC-4B4B-A981-661B0EC20778}.Debug|Any CPU.Build.0 = Debug|Any CPU
		{D149CF1A-E4DC-4B4B-A981-661B0EC20778}.Release|Any CPU.ActiveCfg = Release|Any CPU
		{D149CF1A-E4DC-4B4B-A981-661B0EC20778}.Release|Any CPU.Build.0 = Release|Any CPU
	EndGlobalSection
	GlobalSection(SolutionProperties) = preSolution
		HideSolutionNode = FALSE
	EndGlobalSection
	GlobalSection(NestedProjects) = preSolution
		{B29BC594-261D-4524-8415-37CF62850E12} = {1F9DA5FB-C3FF-4CAC-8A46-E45DF91CA420}
		{B9F8E067-6AD3-41B5-8ED4-4F08A199DD36} = {B29BC594-261D-4524-8415-37CF62850E12}
		{1BE86553-90B1-4457-8D0A-DB7BFDFCECC6} = {B29BC594-261D-4524-8415-37CF62850E12}
		{C2D9692B-D750-4163-AEB3-85D4D98F0628} = {1F9DA5FB-C3FF-4CAC-8A46-E45DF91CA420}
		{424EFF2A-D47C-4F8F-8162-7FF07D426814} = {C2D9692B-D750-4163-AEB3-85D4D98F0628}
		{8EB04D4E-A043-4367-844C-7B495EC8A1EF} = {C2D9692B-D750-4163-AEB3-85D4D98F0628}
		{79D2638F-1816-489E-A449-55CF933F204D} = {E9885D27-9CAB-4715-BB08-C557425C1525}
		{3B726C3F-4807-44BF-BC42-6A803A68D082} = {E9885D27-9CAB-4715-BB08-C557425C1525}
		{74E55951-ACF6-4D7E-B9D8-08A09AC37BCF} = {1F9DA5FB-C3FF-4CAC-8A46-E45DF91CA420}
		{4FADB17D-4DB0-411A-A54F-17BC176C4FE6} = {74E55951-ACF6-4D7E-B9D8-08A09AC37BCF}
		{7E042E4F-D9BE-46AA-B6DC-026C2781E971} = {74E55951-ACF6-4D7E-B9D8-08A09AC37BCF}
		{01D875B3-F4FC-4498-918E-5DEF64E0BE90} = {74E55951-ACF6-4D7E-B9D8-08A09AC37BCF}
		{62AA6977-86B5-4B84-8FDF-AD3C187187B2} = {1F9DA5FB-C3FF-4CAC-8A46-E45DF91CA420}
		{82B3684D-017E-41AF-BFE8-0805F2972C47} = {62AA6977-86B5-4B84-8FDF-AD3C187187B2}
		{3EDAFAA4-2562-4774-A369-D93DC0681815} = {62AA6977-86B5-4B84-8FDF-AD3C187187B2}
		{169B10FA-B8B9-4F84-8855-69BD8FE9B3FE} = {62AA6977-86B5-4B84-8FDF-AD3C187187B2}
		{D149CF1A-E4DC-4B4B-A981-661B0EC20778} = {62AA6977-86B5-4B84-8FDF-AD3C187187B2}
	EndGlobalSection
	GlobalSection(ExtensibilityGlobals) = postSolution
		SolutionGuid = {253393CC-C41A-4D4E-9B6B-904AB22415B4}
	EndGlobalSection
EndGlobal
